
Microsoft Visual Studio Solution File, Format Version 12.00
Project("{2150E333-8FDC-42A3-9474-1A3956D46DE8}") = "Bootstrapper", "Bootstrapper", "{81C50EE9-6160-438E-87F7-ECE8F4DE63B1}"
EndProject
Project("{2150E333-8FDC-42A3-9474-1A3956D46DE8}") = "Modules", "Modules", "{FADE33E0-79F2-4437-A08A-BE03B5BDE746}"
EndProject
Project("{2150E333-8FDC-42A3-9474-1A3956D46DE8}") = "Shared", "Shared", "{DC83BDE0-B033-44DE-8F97-907A4161EFDB}"
EndProject
Project("{FAE04EC0-301F-11D3-BF4B-00C04F79EFBC}") = "API", "Bootstrapper\API\API.csproj", "{169F2274-6E22-4636-A863-664FFA95E956}"
EndProject
Project("{2150E333-8FDC-42A3-9474-1A3956D46DE8}") = "Basket", "Basket", "{A712AE97-A2ED-411E-91E8-235B67D149F7}"
EndProject
Project("{2150E333-8FDC-42A3-9474-1A3956D46DE8}") = "Catalog", "Catalog", "{9FD7FDDB-862D-41D1-A097-4002287900D2}"
EndProject
Project("{2150E333-8FDC-42A3-9474-1A3956D46DE8}") = "Ordering", "Ordering", "{F84B7EB3-B699-49B7-A500-33C41982FD89}"
EndProject
Project("{FAE04EC0-301F-11D3-BF4B-00C04F79EFBC}") = "Catalog", "Modules\Catalog\Catalog\Catalog.csproj", "{2202D8D7-172C-4619-B4D5-18BB1856F197}"
EndProject
Project("{FAE04EC0-301F-11D3-BF4B-00C04F79EFBC}") = "Basket", "Modules\Basket\Basket\Basket.csproj", "{ECC90747-6539-46FF-8989-F692F0EF1DFE}"
EndProject
Project("{FAE04EC0-301F-11D3-BF4B-00C04F79EFBC}") = "Ordering", "Modules\Ordering\Ordering\Ordering.csproj", "{AA0480EC-047C-4C5C-9FF1-1DBA03BFBD87}"
EndProject
Project("{FAE04EC0-301F-11D3-BF4B-00C04F79EFBC}") = "Shared", "Shared\Shared\Shared.csproj", "{92A0492A-7525-434F-842A-84C4BEDB39BD}"
EndProject
Global
	GlobalSection(SolutionConfigurationPlatforms) = preSolution
		Debug|Any CPU = Debug|Any CPU
		Release|Any CPU = Release|Any CPU
	EndGlobalSection
	GlobalSection(NestedProjects) = preSolution
		{169F2274-6E22-4636-A863-664FFA95E956} = {81C50EE9-6160-438E-87F7-ECE8F4DE63B1}
		{A712AE97-A2ED-411E-91E8-235B67D149F7} = {FADE33E0-79F2-4437-A08A-BE03B5BDE746}
		{9FD7FDDB-862D-41D1-A097-4002287900D2} = {FADE33E0-79F2-4437-A08A-BE03B5BDE746}
		{F84B7EB3-B699-49B7-A500-33C41982FD89} = {FADE33E0-79F2-4437-A08A-BE03B5BDE746}
		{2202D8D7-172C-4619-B4D5-18BB1856F197} = {9FD7FDDB-862D-41D1-A097-4002287900D2}
		{ECC90747-6539-46FF-8989-F692F0EF1DFE} = {A712AE97-A2ED-411E-91E8-235B67D149F7}
		{AA0480EC-047C-4C5C-9FF1-1DBA03BFBD87} = {F84B7EB3-B699-49B7-A500-33C41982FD89}
		{92A0492A-7525-434F-842A-84C4BEDB39BD} = {DC83BDE0-B033-44DE-8F97-907A4161EFDB}
	EndGlobalSection
	GlobalSection(ProjectConfigurationPlatforms) = postSolution
		{169F2274-6E22-4636-A863-664FFA95E956}.Debug|Any CPU.ActiveCfg = Debug|Any CPU
		{169F2274-6E22-4636-A863-664FFA95E956}.Debug|Any CPU.Build.0 = Debug|Any CPU
		{169F2274-6E22-4636-A863-664FFA95E956}.Release|Any CPU.ActiveCfg = Release|Any CPU
		{169F2274-6E22-4636-A863-664FFA95E956}.Release|Any CPU.Build.0 = Release|Any CPU
		{2202D8D7-172C-4619-B4D5-18BB1856F197}.Debug|Any CPU.ActiveCfg = Debug|Any CPU
		{2202D8D7-172C-4619-B4D5-18BB1856F197}.Debug|Any CPU.Build.0 = Debug|Any CPU
		{2202D8D7-172C-4619-B4D5-18BB1856F197}.Release|Any CPU.ActiveCfg = Release|Any CPU
		{2202D8D7-172C-4619-B4D5-18BB1856F197}.Release|Any CPU.Build.0 = Release|Any CPU
		{ECC90747-6539-46FF-8989-F692F0EF1DFE}.Debug|Any CPU.ActiveCfg = Debug|Any CPU
		{ECC90747-6539-46FF-8989-F692F0EF1DFE}.Debug|Any CPU.Build.0 = Debug|Any CPU
		{ECC90747-6539-46FF-8989-F692F0EF1DFE}.Release|Any CPU.ActiveCfg = Release|Any CPU
		{ECC90747-6539-46FF-8989-F692F0EF1DFE}.Release|Any CPU.Build.0 = Release|Any CPU
		{AA0480EC-047C-4C5C-9FF1-1DBA03BFBD87}.Debug|Any CPU.ActiveCfg = Debug|Any CPU
		{AA0480EC-047C-4C5C-9FF1-1DBA03BFBD87}.Debug|Any CPU.Build.0 = Debug|Any CPU
		{AA0480EC-047C-4C5C-9FF1-1DBA03BFBD87}.Release|Any CPU.ActiveCfg = Release|Any CPU
		{AA0480EC-047C-4C5C-9FF1-1DBA03BFBD87}.Release|Any CPU.Build.0 = Release|Any CPU
		{92A0492A-7525-434F-842A-84C4BEDB39BD}.Debug|Any CPU.ActiveCfg = Debug|Any CPU
		{92A0492A-7525-434F-842A-84C4BEDB39BD}.Debug|Any CPU.Build.0 = Debug|Any CPU
		{92A0492A-7525-434F-842A-84C4BEDB39BD}.Release|Any CPU.ActiveCfg = Release|Any CPU
		{92A0492A-7525-434F-842A-84C4BEDB39BD}.Release|Any CPU.Build.0 = Release|Any CPU
	EndGlobalSection
EndGlobal
